// !$*UTF8*$!
{
	archiveVersion = 1;
	classes = {
	};
	objectVersion = 46;
	objects = {

/* Begin PBXBuildFile section */
		1029B62C1AECB63F006BAC7D /* circular203.png in Resources */ = {isa = PBXBuildFile; fileRef = 1029B6291AECB63F006BAC7D /* circular203.png */; };
		1029B62D1AECB63F006BAC7D /* circular203@3x.png in Resources */ = {isa = PBXBuildFile; fileRef = 1029B62A1AECB63F006BAC7D /* circular203@3x.png */; };
		1029B62E1AECB63F006BAC7D /* circular203@2x.png in Resources */ = {isa = PBXBuildFile; fileRef = 1029B62B1AECB63F006BAC7D /* circular203@2x.png */; };
		107B6FB41AEC913300393A72 /* approve9@2x.png in Resources */ = {isa = PBXBuildFile; fileRef = 107B6FB21AEC913300393A72 /* approve9@2x.png */; };
		107B6FB51AEC913300393A72 /* approve9@3x.png in Resources */ = {isa = PBXBuildFile; fileRef = 107B6FB31AEC913300393A72 /* approve9@3x.png */; };
		10B8CE291AE3EE7D004B6291 /* close32.png in Resources */ = {isa = PBXBuildFile; fileRef = 10B8CE281AE3EE7D004B6291 /* close32.png */; };
		10B8CE2B1AE3EE84004B6291 /* ok2.png in Resources */ = {isa = PBXBuildFile; fileRef = 10B8CE2A1AE3EE84004B6291 /* ok2.png */; };
		10B8CE321AE3F81B004B6291 /* AnswersTableViewCell.m in Sources */ = {isa = PBXBuildFile; fileRef = 10B8CE301AE3F81B004B6291 /* AnswersTableViewCell.m */; };
		10B8CE331AE3F81B004B6291 /* AnswersTableViewCell.xib in Resources */ = {isa = PBXBuildFile; fileRef = 10B8CE311AE3F81B004B6291 /* AnswersTableViewCell.xib */; };
		10D633CC1AE4A3B2008B83B7 /* close32@2x.png in Resources */ = {isa = PBXBuildFile; fileRef = 10D633CA1AE4A3B2008B83B7 /* close32@2x.png */; };
		10D633CD1AE4A3B2008B83B7 /* close32@3x.png in Resources */ = {isa = PBXBuildFile; fileRef = 10D633CB1AE4A3B2008B83B7 /* close32@3x.png */; };
		10D97C121AD7CD720002D04E /* main.m in Sources */ = {isa = PBXBuildFile; fileRef = 10D97C111AD7CD720002D04E /* main.m */; };
		10D97C151AD7CD720002D04E /* AppDelegate.m in Sources */ = {isa = PBXBuildFile; fileRef = 10D97C141AD7CD720002D04E /* AppDelegate.m */; };
		10D97C181AD7CD720002D04E /* Questions.xcdatamodeld in Sources */ = {isa = PBXBuildFile; fileRef = 10D97C161AD7CD720002D04E /* Questions.xcdatamodeld */; };
		10D97C1E1AD7CD720002D04E /* Main.storyboard in Resources */ = {isa = PBXBuildFile; fileRef = 10D97C1C1AD7CD720002D04E /* Main.storyboard */; };
		10D97C201AD7CD720002D04E /* Images.xcassets in Resources */ = {isa = PBXBuildFile; fileRef = 10D97C1F1AD7CD720002D04E /* Images.xcassets */; };
		10D97C231AD7CD720002D04E /* LaunchScreen.xib in Resources */ = {isa = PBXBuildFile; fileRef = 10D97C211AD7CD720002D04E /* LaunchScreen.xib */; };
		10D97C2F1AD7CD730002D04E /* QuestionsTests.m in Sources */ = {isa = PBXBuildFile; fileRef = 10D97C2E1AD7CD730002D04E /* QuestionsTests.m */; };
		10DDAC3D1AE25BB000E9B5EB /* paper.png in Resources */ = {isa = PBXBuildFile; fileRef = 10DDAC3C1AE25BB000E9B5EB /* paper.png */; };
		10DDAC411AE2605A00E9B5EB /* ASK.png in Resources */ = {isa = PBXBuildFile; fileRef = 10DDAC401AE2605A00E9B5EB /* ASK.png */; };
		10DDAC481AE2ABA600E9B5EB /* AnswerTheQuestionTableViewCell.m in Sources */ = {isa = PBXBuildFile; fileRef = 10DDAC461AE2ABA600E9B5EB /* AnswerTheQuestionTableViewCell.m */; };
		10DDAC491AE2ABA600E9B5EB /* AnswerTheQuestionTableViewCell.xib in Resources */ = {isa = PBXBuildFile; fileRef = 10DDAC471AE2ABA600E9B5EB /* AnswerTheQuestionTableViewCell.xib */; };
		10DDAC4B1AE2B1DF00E9B5EB /* approve9.png in Resources */ = {isa = PBXBuildFile; fileRef = 10DDAC4A1AE2B1DF00E9B5EB /* approve9.png */; };
		10DDAC4D1AE2B1E900E9B5EB /* mode.png in Resources */ = {isa = PBXBuildFile; fileRef = 10DDAC4C1AE2B1E900E9B5EB /* mode.png */; };
		10E6F8DC1AEA56ED008B6176 /* AnswerWithCommentTableViewCell.m in Sources */ = {isa = PBXBuildFile; fileRef = 10E6F8DA1AEA56ED008B6176 /* AnswerWithCommentTableViewCell.m */; };
		10E6F8DD1AEA56ED008B6176 /* AnswerWithCommentTableViewCell.xib in Resources */ = {isa = PBXBuildFile; fileRef = 10E6F8DB1AEA56ED008B6176 /* AnswerWithCommentTableViewCell.xib */; };
		10E6F9201AEA5E81008B6176 /* NSMutableArray+SWUtilityButtons.m in Sources */ = {isa = PBXBuildFile; fileRef = 10E6F9151AEA5E81008B6176 /* NSMutableArray+SWUtilityButtons.m */; };
		10E6F9211AEA5E81008B6176 /* SWCellScrollView.m in Sources */ = {isa = PBXBuildFile; fileRef = 10E6F9171AEA5E81008B6176 /* SWCellScrollView.m */; };
		10E6F9221AEA5E81008B6176 /* SWLongPressGestureRecognizer.m in Sources */ = {isa = PBXBuildFile; fileRef = 10E6F9191AEA5E81008B6176 /* SWLongPressGestureRecognizer.m */; };
		10E6F9231AEA5E81008B6176 /* SWTableViewCell.m in Sources */ = {isa = PBXBuildFile; fileRef = 10E6F91B1AEA5E81008B6176 /* SWTableViewCell.m */; };
		10E6F9241AEA5E81008B6176 /* SWUtilityButtonTapGestureRecognizer.m in Sources */ = {isa = PBXBuildFile; fileRef = 10E6F91D1AEA5E81008B6176 /* SWUtilityButtonTapGestureRecognizer.m */; };
		10E6F9251AEA5E81008B6176 /* SWUtilityButtonView.m in Sources */ = {isa = PBXBuildFile; fileRef = 10E6F91F1AEA5E81008B6176 /* SWUtilityButtonView.m */; };
		10E6F92C1AEA60A0008B6176 /* check@2x.png in Resources */ = {isa = PBXBuildFile; fileRef = 10E6F9261AEA60A0008B6176 /* check@2x.png */; };
		10E6F92D1AEA60A0008B6176 /* clock@2x.png in Resources */ = {isa = PBXBuildFile; fileRef = 10E6F9271AEA60A0008B6176 /* clock@2x.png */; };
		10E6F92E1AEA60A0008B6176 /* cross@2x.png in Resources */ = {isa = PBXBuildFile; fileRef = 10E6F9281AEA60A0008B6176 /* cross@2x.png */; };
		10E6F92F1AEA60A0008B6176 /* list@2x.png in Resources */ = {isa = PBXBuildFile; fileRef = 10E6F9291AEA60A0008B6176 /* list@2x.png */; };
		10E6F9301AEA60A0008B6176 /* MI.png in Resources */ = {isa = PBXBuildFile; fileRef = 10E6F92A1AEA60A0008B6176 /* MI.png */; };
		10E6F9311AEA60A0008B6176 /* um.png in Resources */ = {isa = PBXBuildFile; fileRef = 10E6F92B1AEA60A0008B6176 /* um.png */; };
		10E6F9331AEA61A9008B6176 /* Foundation.framework in Frameworks */ = {isa = PBXBuildFile; fileRef = 10E6F9321AEA61A9008B6176 /* Foundation.framework */; };
		10E6F9351AEA61B0008B6176 /* UIKit.framework in Frameworks */ = {isa = PBXBuildFile; fileRef = 10E6F9341AEA61B0008B6176 /* UIKit.framework */; };
		10E6F93A1AEA61DB008B6176 /* CoreGraphics.framework in Frameworks */ = {isa = PBXBuildFile; fileRef = 10E6F9391AEA61DB008B6176 /* CoreGraphics.framework */; };
		10E6F9441AEA9EC0008B6176 /* sheet3_white.png in Resources */ = {isa = PBXBuildFile; fileRef = 10E6F9431AEA9EC0008B6176 /* sheet3_white.png */; };
		10E6F9481AEAA052008B6176 /* outbox4_white.png in Resources */ = {isa = PBXBuildFile; fileRef = 10E6F9471AEAA052008B6176 /* outbox4_white.png */; };
		10E6F94A1AEAA6A6008B6176 /* bin9_white.png in Resources */ = {isa = PBXBuildFile; fileRef = 10E6F9491AEAA6A6008B6176 /* bin9_white.png */; };
		10E6F94C1AEAA771008B6176 /* chart53_white.png in Resources */ = {isa = PBXBuildFile; fileRef = 10E6F94B1AEAA771008B6176 /* chart53_white.png */; };
		10F0467B1AE1DA9D002DAC01 /* 1234567890.json in Resources */ = {isa = PBXBuildFile; fileRef = 10F0467A1AE1DA9D002DAC01 /* 1234567890.json */; };
		10F0467E1AE1DAB6002DAC01 /* JSONFileManager.m in Sources */ = {isa = PBXBuildFile; fileRef = 10F0467D1AE1DAB6002DAC01 /* JSONFileManager.m */; };
		10F046811AE1EC3B002DAC01 /* Questionnaire.m in Sources */ = {isa = PBXBuildFile; fileRef = 10F046801AE1EC3B002DAC01 /* Questionnaire.m */; };
		10FC81F31AD9913A00F8B841 /* icon-ios7-arrow-forward-128.png in Resources */ = {isa = PBXBuildFile; fileRef = 10FC81F21AD9913A00F8B841 /* icon-ios7-arrow-forward-128.png */; };
		10FC81F61AD99BC000F8B841 /* InfoTableViewController.m in Sources */ = {isa = PBXBuildFile; fileRef = 10FC81F51AD99BC000F8B841 /* InfoTableViewController.m */; };
		10FC81FF1ADAC69C00F8B841 /* NewQuestionViewController.m in Sources */ = {isa = PBXBuildFile; fileRef = 10FC81FE1ADAC69C00F8B841 /* NewQuestionViewController.m */; };
		10FC82021ADAD0F900F8B841 /* UseViewController.m in Sources */ = {isa = PBXBuildFile; fileRef = 10FC82011ADAD0F900F8B841 /* UseViewController.m */; };
		10FC821E1ADB6F8100F8B841 /* ExplorerViewController.m in Sources */ = {isa = PBXBuildFile; fileRef = 10FC821D1ADB6F8100F8B841 /* ExplorerViewController.m */; };
		10FC82231ADBA62400F8B841 /* TableViewCell.xib in Resources */ = {isa = PBXBuildFile; fileRef = 10FC82211ADBA62400F8B841 /* TableViewCell.xib */; };
		10FC82261ADBA81F00F8B841 /* TableViewCell.m in Sources */ = {isa = PBXBuildFile; fileRef = 10FC82251ADBA81F00F8B841 /* TableViewCell.m */; };
		10FC82301ADBAAAC00F8B841 /* MainControlView.m in Sources */ = {isa = PBXBuildFile; fileRef = 10FC822F1ADBAAAC00F8B841 /* MainControlView.m */; };
		10FC82331ADBCBCF00F8B841 /* add.png in Resources */ = {isa = PBXBuildFile; fileRef = 10FC82311ADBCBCF00F8B841 /* add.png */; };
		10FC82341ADBCBCF00F8B841 /* download.png in Resources */ = {isa = PBXBuildFile; fileRef = 10FC82321ADBCBCF00F8B841 /* download.png */; };
/* End PBXBuildFile section */

/* Begin PBXContainerItemProxy section */
		10D97C291AD7CD730002D04E /* PBXContainerItemProxy */ = {
			isa = PBXContainerItemProxy;
			containerPortal = 10D97C041AD7CD720002D04E /* Project object */;
			proxyType = 1;
			remoteGlobalIDString = 10D97C0B1AD7CD720002D04E;
			remoteInfo = Questions;
		};
/* End PBXContainerItemProxy section */

/* Begin PBXFileReference section */
		1029B6291AECB63F006BAC7D /* circular203.png */ = {isa = PBXFileReference; lastKnownFileType = image.png; path = circular203.png; sourceTree = "<group>"; };
		1029B62A1AECB63F006BAC7D /* circular203@3x.png */ = {isa = PBXFileReference; lastKnownFileType = image.png; path = "circular203@3x.png"; sourceTree = "<group>"; };
		1029B62B1AECB63F006BAC7D /* circular203@2x.png */ = {isa = PBXFileReference; lastKnownFileType = image.png; path = "circular203@2x.png"; sourceTree = "<group>"; };
		107B6FB21AEC913300393A72 /* approve9@2x.png */ = {isa = PBXFileReference; lastKnownFileType = image.png; path = "approve9@2x.png"; sourceTree = "<group>"; };
		107B6FB31AEC913300393A72 /* approve9@3x.png */ = {isa = PBXFileReference; lastKnownFileType = image.png; path = "approve9@3x.png"; sourceTree = "<group>"; };
		10B8CE281AE3EE7D004B6291 /* close32.png */ = {isa = PBXFileReference; lastKnownFileType = image.png; path = close32.png; sourceTree = "<group>"; };
		10B8CE2A1AE3EE84004B6291 /* ok2.png */ = {isa = PBXFileReference; lastKnownFileType = image.png; path = ok2.png; sourceTree = "<group>"; };
		10B8CE2F1AE3F81B004B6291 /* AnswersTableViewCell.h */ = {isa = PBXFileReference; fileEncoding = 4; lastKnownFileType = sourcecode.c.h; path = AnswersTableViewCell.h; sourceTree = "<group>"; };
		10B8CE301AE3F81B004B6291 /* AnswersTableViewCell.m */ = {isa = PBXFileReference; fileEncoding = 4; lastKnownFileType = sourcecode.c.objc; path = AnswersTableViewCell.m; sourceTree = "<group>"; };
		10B8CE311AE3F81B004B6291 /* AnswersTableViewCell.xib */ = {isa = PBXFileReference; fileEncoding = 4; lastKnownFileType = file.xib; path = AnswersTableViewCell.xib; sourceTree = "<group>"; };
		10D633CA1AE4A3B2008B83B7 /* close32@2x.png */ = {isa = PBXFileReference; lastKnownFileType = image.png; path = "close32@2x.png"; sourceTree = "<group>"; };
		10D633CB1AE4A3B2008B83B7 /* close32@3x.png */ = {isa = PBXFileReference; lastKnownFileType = image.png; path = "close32@3x.png"; sourceTree = "<group>"; };
		10D97C0C1AD7CD720002D04E /* Questions.app */ = {isa = PBXFileReference; explicitFileType = wrapper.application; includeInIndex = 0; path = Questions.app; sourceTree = BUILT_PRODUCTS_DIR; };
		10D97C101AD7CD720002D04E /* Info.plist */ = {isa = PBXFileReference; lastKnownFileType = text.plist.xml; path = Info.plist; sourceTree = "<group>"; };
		10D97C111AD7CD720002D04E /* main.m */ = {isa = PBXFileReference; lastKnownFileType = sourcecode.c.objc; path = main.m; sourceTree = "<group>"; };
		10D97C131AD7CD720002D04E /* AppDelegate.h */ = {isa = PBXFileReference; lastKnownFileType = sourcecode.c.h; path = AppDelegate.h; sourceTree = "<group>"; };
		10D97C141AD7CD720002D04E /* AppDelegate.m */ = {isa = PBXFileReference; lastKnownFileType = sourcecode.c.objc; path = AppDelegate.m; sourceTree = "<group>"; };
		10D97C171AD7CD720002D04E /* Questions.xcdatamodel */ = {isa = PBXFileReference; lastKnownFileType = wrapper.xcdatamodel; path = Questions.xcdatamodel; sourceTree = "<group>"; };
		10D97C1D1AD7CD720002D04E /* Base */ = {isa = PBXFileReference; lastKnownFileType = file.storyboard; name = Base; path = Base.lproj/Main.storyboard; sourceTree = "<group>"; };
		10D97C1F1AD7CD720002D04E /* Images.xcassets */ = {isa = PBXFileReference; lastKnownFileType = folder.assetcatalog; path = Images.xcassets; sourceTree = "<group>"; };
		10D97C221AD7CD720002D04E /* Base */ = {isa = PBXFileReference; lastKnownFileType = file.xib; name = Base; path = Base.lproj/LaunchScreen.xib; sourceTree = "<group>"; };
		10D97C281AD7CD730002D04E /* QuestionsTests.xctest */ = {isa = PBXFileReference; explicitFileType = wrapper.cfbundle; includeInIndex = 0; path = QuestionsTests.xctest; sourceTree = BUILT_PRODUCTS_DIR; };
		10D97C2D1AD7CD730002D04E /* Info.plist */ = {isa = PBXFileReference; lastKnownFileType = text.plist.xml; path = Info.plist; sourceTree = "<group>"; };
		10D97C2E1AD7CD730002D04E /* QuestionsTests.m */ = {isa = PBXFileReference; lastKnownFileType = sourcecode.c.objc; path = QuestionsTests.m; sourceTree = "<group>"; };
		10DDAC3C1AE25BB000E9B5EB /* paper.png */ = {isa = PBXFileReference; lastKnownFileType = image.png; path = paper.png; sourceTree = "<group>"; };
		10DDAC401AE2605A00E9B5EB /* ASK.png */ = {isa = PBXFileReference; lastKnownFileType = image.png; path = ASK.png; sourceTree = "<group>"; };
		10DDAC451AE2ABA600E9B5EB /* AnswerTheQuestionTableViewCell.h */ = {isa = PBXFileReference; fileEncoding = 4; lastKnownFileType = sourcecode.c.h; path = AnswerTheQuestionTableViewCell.h; sourceTree = "<group>"; };
		10DDAC461AE2ABA600E9B5EB /* AnswerTheQuestionTableViewCell.m */ = {isa = PBXFileReference; fileEncoding = 4; lastKnownFileType = sourcecode.c.objc; path = AnswerTheQuestionTableViewCell.m; sourceTree = "<group>"; };
		10DDAC471AE2ABA600E9B5EB /* AnswerTheQuestionTableViewCell.xib */ = {isa = PBXFileReference; fileEncoding = 4; lastKnownFileType = file.xib; path = AnswerTheQuestionTableViewCell.xib; sourceTree = "<group>"; };
		10DDAC4A1AE2B1DF00E9B5EB /* approve9.png */ = {isa = PBXFileReference; lastKnownFileType = image.png; path = approve9.png; sourceTree = "<group>"; };
		10DDAC4C1AE2B1E900E9B5EB /* mode.png */ = {isa = PBXFileReference; lastKnownFileType = image.png; path = mode.png; sourceTree = "<group>"; };
		10E6F8D91AEA56ED008B6176 /* AnswerWithCommentTableViewCell.h */ = {isa = PBXFileReference; fileEncoding = 4; lastKnownFileType = sourcecode.c.h; path = AnswerWithCommentTableViewCell.h; sourceTree = "<group>"; };
		10E6F8DA1AEA56ED008B6176 /* AnswerWithCommentTableViewCell.m */ = {isa = PBXFileReference; fileEncoding = 4; lastKnownFileType = sourcecode.c.objc; path = AnswerWithCommentTableViewCell.m; sourceTree = "<group>"; };
		10E6F8DB1AEA56ED008B6176 /* AnswerWithCommentTableViewCell.xib */ = {isa = PBXFileReference; fileEncoding = 4; lastKnownFileType = file.xib; path = AnswerWithCommentTableViewCell.xib; sourceTree = "<group>"; };
		10E6F9141AEA5E81008B6176 /* NSMutableArray+SWUtilityButtons.h */ = {isa = PBXFileReference; fileEncoding = 4; lastKnownFileType = sourcecode.c.h; path = "NSMutableArray+SWUtilityButtons.h"; sourceTree = "<group>"; };
		10E6F9151AEA5E81008B6176 /* NSMutableArray+SWUtilityButtons.m */ = {isa = PBXFileReference; fileEncoding = 4; lastKnownFileType = sourcecode.c.objc; path = "NSMutableArray+SWUtilityButtons.m"; sourceTree = "<group>"; };
		10E6F9161AEA5E81008B6176 /* SWCellScrollView.h */ = {isa = PBXFileReference; fileEncoding = 4; lastKnownFileType = sourcecode.c.h; path = SWCellScrollView.h; sourceTree = "<group>"; };
		10E6F9171AEA5E81008B6176 /* SWCellScrollView.m */ = {isa = PBXFileReference; fileEncoding = 4; lastKnownFileType = sourcecode.c.objc; path = SWCellScrollView.m; sourceTree = "<group>"; };
		10E6F9181AEA5E81008B6176 /* SWLongPressGestureRecognizer.h */ = {isa = PBXFileReference; fileEncoding = 4; lastKnownFileType = sourcecode.c.h; path = SWLongPressGestureRecognizer.h; sourceTree = "<group>"; };
		10E6F9191AEA5E81008B6176 /* SWLongPressGestureRecognizer.m */ = {isa = PBXFileReference; fileEncoding = 4; lastKnownFileType = sourcecode.c.objc; path = SWLongPressGestureRecognizer.m; sourceTree = "<group>"; };
		10E6F91A1AEA5E81008B6176 /* SWTableViewCell.h */ = {isa = PBXFileReference; fileEncoding = 4; lastKnownFileType = sourcecode.c.h; path = SWTableViewCell.h; sourceTree = "<group>"; };
		10E6F91B1AEA5E81008B6176 /* SWTableViewCell.m */ = {isa = PBXFileReference; fileEncoding = 4; lastKnownFileType = sourcecode.c.objc; path = SWTableViewCell.m; sourceTree = "<group>"; };
		10E6F91C1AEA5E81008B6176 /* SWUtilityButtonTapGestureRecognizer.h */ = {isa = PBXFileReference; fileEncoding = 4; lastKnownFileType = sourcecode.c.h; path = SWUtilityButtonTapGestureRecognizer.h; sourceTree = "<group>"; };
		10E6F91D1AEA5E81008B6176 /* SWUtilityButtonTapGestureRecognizer.m */ = {isa = PBXFileReference; fileEncoding = 4; lastKnownFileType = sourcecode.c.objc; path = SWUtilityButtonTapGestureRecognizer.m; sourceTree = "<group>"; };
		10E6F91E1AEA5E81008B6176 /* SWUtilityButtonView.h */ = {isa = PBXFileReference; fileEncoding = 4; lastKnownFileType = sourcecode.c.h; path = SWUtilityButtonView.h; sourceTree = "<group>"; };
		10E6F91F1AEA5E81008B6176 /* SWUtilityButtonView.m */ = {isa = PBXFileReference; fileEncoding = 4; lastKnownFileType = sourcecode.c.objc; path = SWUtilityButtonView.m; sourceTree = "<group>"; };
		10E6F9261AEA60A0008B6176 /* check@2x.png */ = {isa = PBXFileReference; lastKnownFileType = image.png; path = "check@2x.png"; sourceTree = "<group>"; };
		10E6F9271AEA60A0008B6176 /* clock@2x.png */ = {isa = PBXFileReference; lastKnownFileType = image.png; path = "clock@2x.png"; sourceTree = "<group>"; };
		10E6F9281AEA60A0008B6176 /* cross@2x.png */ = {isa = PBXFileReference; lastKnownFileType = image.png; path = "cross@2x.png"; sourceTree = "<group>"; };
		10E6F9291AEA60A0008B6176 /* list@2x.png */ = {isa = PBXFileReference; lastKnownFileType = image.png; path = "list@2x.png"; sourceTree = "<group>"; };
		10E6F92A1AEA60A0008B6176 /* MI.png */ = {isa = PBXFileReference; lastKnownFileType = image.png; path = MI.png; sourceTree = "<group>"; };
		10E6F92B1AEA60A0008B6176 /* um.png */ = {isa = PBXFileReference; lastKnownFileType = image.png; path = um.png; sourceTree = "<group>"; };
		10E6F9321AEA61A9008B6176 /* Foundation.framework */ = {isa = PBXFileReference; lastKnownFileType = wrapper.framework; name = Foundation.framework; path = System/Library/Frameworks/Foundation.framework; sourceTree = SDKROOT; };
		10E6F9341AEA61B0008B6176 /* UIKit.framework */ = {isa = PBXFileReference; lastKnownFileType = wrapper.framework; name = UIKit.framework; path = System/Library/Frameworks/UIKit.framework; sourceTree = SDKROOT; };
		10E6F9371AEA61C8008B6176 /* Headers */ = {isa = PBXFileReference; lastKnownFileType = folder; name = Headers; path = System/Library/Frameworks/UIKit.framework/Headers; sourceTree = SDKROOT; };
		10E6F9391AEA61DB008B6176 /* CoreGraphics.framework */ = {isa = PBXFileReference; lastKnownFileType = wrapper.framework; name = CoreGraphics.framework; path = System/Library/Frameworks/CoreGraphics.framework; sourceTree = SDKROOT; };
		10E6F9431AEA9EC0008B6176 /* sheet3_white.png */ = {isa = PBXFileReference; lastKnownFileType = image.png; path = sheet3_white.png; sourceTree = "<group>"; };
		10E6F9471AEAA052008B6176 /* outbox4_white.png */ = {isa = PBXFileReference; lastKnownFileType = image.png; path = outbox4_white.png; sourceTree = "<group>"; };
		10E6F9491AEAA6A6008B6176 /* bin9_white.png */ = {isa = PBXFileReference; lastKnownFileType = image.png; path = bin9_white.png; sourceTree = "<group>"; };
		10E6F94B1AEAA771008B6176 /* chart53_white.png */ = {isa = PBXFileReference; lastKnownFileType = image.png; path = chart53_white.png; sourceTree = "<group>"; };
		10F0467A1AE1DA9D002DAC01 /* 1234567890.json */ = {isa = PBXFileReference; fileEncoding = 4; lastKnownFileType = text.json; path = 1234567890.json; sourceTree = "<group>"; };
		10F0467C1AE1DAB6002DAC01 /* JSONFileManager.h */ = {isa = PBXFileReference; fileEncoding = 4; lastKnownFileType = sourcecode.c.h; path = JSONFileManager.h; sourceTree = "<group>"; };
		10F0467D1AE1DAB6002DAC01 /* JSONFileManager.m */ = {isa = PBXFileReference; fileEncoding = 4; lastKnownFileType = sourcecode.c.objc; path = JSONFileManager.m; sourceTree = "<group>"; };
		10F0467F1AE1EC3B002DAC01 /* Questionnaire.h */ = {isa = PBXFileReference; fileEncoding = 4; lastKnownFileType = sourcecode.c.h; path = Questionnaire.h; sourceTree = "<group>"; };
		10F046801AE1EC3B002DAC01 /* Questionnaire.m */ = {isa = PBXFileReference; fileEncoding = 4; lastKnownFileType = sourcecode.c.objc; path = Questionnaire.m; sourceTree = "<group>"; };
		10FC81F21AD9913A00F8B841 /* icon-ios7-arrow-forward-128.png */ = {isa = PBXFileReference; lastKnownFileType = image.png; path = "icon-ios7-arrow-forward-128.png"; sourceTree = "<group>"; };
		10FC81F41AD99BC000F8B841 /* InfoTableViewController.h */ = {isa = PBXFileReference; fileEncoding = 4; lastKnownFileType = sourcecode.c.h; path = InfoTableViewController.h; sourceTree = "<group>"; };
		10FC81F51AD99BC000F8B841 /* InfoTableViewController.m */ = {isa = PBXFileReference; fileEncoding = 4; lastKnownFileType = sourcecode.c.objc; path = InfoTableViewController.m; sourceTree = "<group>"; };
		10FC81FD1ADAC69C00F8B841 /* NewQuestionViewController.h */ = {isa = PBXFileReference; fileEncoding = 4; lastKnownFileType = sourcecode.c.h; path = NewQuestionViewController.h; sourceTree = "<group>"; };
		10FC81FE1ADAC69C00F8B841 /* NewQuestionViewController.m */ = {isa = PBXFileReference; fileEncoding = 4; lastKnownFileType = sourcecode.c.objc; path = NewQuestionViewController.m; sourceTree = "<group>"; };
		10FC82001ADAD0F900F8B841 /* UseViewController.h */ = {isa = PBXFileReference; fileEncoding = 4; lastKnownFileType = sourcecode.c.h; path = UseViewController.h; sourceTree = "<group>"; };
		10FC82011ADAD0F900F8B841 /* UseViewController.m */ = {isa = PBXFileReference; fileEncoding = 4; lastKnownFileType = sourcecode.c.objc; path = UseViewController.m; sourceTree = "<group>"; };
		10FC821C1ADB6F8100F8B841 /* ExplorerViewController.h */ = {isa = PBXFileReference; fileEncoding = 4; lastKnownFileType = sourcecode.c.h; path = ExplorerViewController.h; sourceTree = "<group>"; };
		10FC821D1ADB6F8100F8B841 /* ExplorerViewController.m */ = {isa = PBXFileReference; fileEncoding = 4; lastKnownFileType = sourcecode.c.objc; path = ExplorerViewController.m; sourceTree = "<group>"; };
		10FC82211ADBA62400F8B841 /* TableViewCell.xib */ = {isa = PBXFileReference; fileEncoding = 4; lastKnownFileType = file.xib; path = TableViewCell.xib; sourceTree = "<group>"; };
		10FC82241ADBA81F00F8B841 /* TableViewCell.h */ = {isa = PBXFileReference; fileEncoding = 4; lastKnownFileType = sourcecode.c.h; path = TableViewCell.h; sourceTree = "<group>"; };
		10FC82251ADBA81F00F8B841 /* TableViewCell.m */ = {isa = PBXFileReference; fileEncoding = 4; lastKnownFileType = sourcecode.c.objc; path = TableViewCell.m; sourceTree = "<group>"; };
		10FC822E1ADBAAAC00F8B841 /* MainControlView.h */ = {isa = PBXFileReference; fileEncoding = 4; lastKnownFileType = sourcecode.c.h; path = MainControlView.h; sourceTree = "<group>"; };
		10FC822F1ADBAAAC00F8B841 /* MainControlView.m */ = {isa = PBXFileReference; fileEncoding = 4; lastKnownFileType = sourcecode.c.objc; path = MainControlView.m; sourceTree = "<group>"; };
		10FC82311ADBCBCF00F8B841 /* add.png */ = {isa = PBXFileReference; lastKnownFileType = image.png; path = add.png; sourceTree = "<group>"; };
		10FC82321ADBCBCF00F8B841 /* download.png */ = {isa = PBXFileReference; lastKnownFileType = image.png; path = download.png; sourceTree = "<group>"; };
		10FC82351ADBCC7700F8B841 /* General.h */ = {isa = PBXFileReference; lastKnownFileType = sourcecode.c.h; path = General.h; sourceTree = "<group>"; };
/* End PBXFileReference section */

/* Begin PBXFrameworksBuildPhase section */
		10D97C091AD7CD720002D04E /* Frameworks */ = {
			isa = PBXFrameworksBuildPhase;
			buildActionMask = 2147483647;
			files = (
				10E6F93A1AEA61DB008B6176 /* CoreGraphics.framework in Frameworks */,
				10E6F9351AEA61B0008B6176 /* UIKit.framework in Frameworks */,
				10E6F9331AEA61A9008B6176 /* Foundation.framework in Frameworks */,
			);
			runOnlyForDeploymentPostprocessing = 0;
		};
		10D97C251AD7CD730002D04E /* Frameworks */ = {
			isa = PBXFrameworksBuildPhase;
			buildActionMask = 2147483647;
			files = (
			);
			runOnlyForDeploymentPostprocessing = 0;
		};
/* End PBXFrameworksBuildPhase section */

/* Begin PBXGroup section */
		10B8CE341AE48C4F004B6291 /* Resource */ = {
			isa = PBXGroup;
			children = (
				10F0467A1AE1DA9D002DAC01 /* 1234567890.json */,
				10DDAC4C1AE2B1E900E9B5EB /* mode.png */,
				10B8CE2A1AE3EE84004B6291 /* ok2.png */,
				10B8CE281AE3EE7D004B6291 /* close32.png */,
				10D633CA1AE4A3B2008B83B7 /* close32@2x.png */,
				10D633CB1AE4A3B2008B83B7 /* close32@3x.png */,
				1029B6291AECB63F006BAC7D /* circular203.png */,
				1029B62A1AECB63F006BAC7D /* circular203@3x.png */,
				1029B62B1AECB63F006BAC7D /* circular203@2x.png */,
				10DDAC4A1AE2B1DF00E9B5EB /* approve9.png */,
				107B6FB21AEC913300393A72 /* approve9@2x.png */,
				107B6FB31AEC913300393A72 /* approve9@3x.png */,
				10FC82311ADBCBCF00F8B841 /* add.png */,
				10FC82321ADBCBCF00F8B841 /* download.png */,
				10DDAC401AE2605A00E9B5EB /* ASK.png */,
				10DDAC3C1AE25BB000E9B5EB /* paper.png */,
				10E6F9431AEA9EC0008B6176 /* sheet3_white.png */,
				10E6F9471AEAA052008B6176 /* outbox4_white.png */,
				10E6F9491AEAA6A6008B6176 /* bin9_white.png */,
				10E6F94B1AEAA771008B6176 /* chart53_white.png */,
			);
			name = Resource;
			sourceTree = "<group>";
		};
		10D97C031AD7CD720002D04E = {
			isa = PBXGroup;
			children = (
				10E6F9371AEA61C8008B6176 /* Headers */,
				10D97C0E1AD7CD720002D04E /* Questions */,
				10D97C2B1AD7CD730002D04E /* QuestionsTests */,
				10D97C0D1AD7CD720002D04E /* Products */,
			);
			sourceTree = "<group>";
		};
		10D97C0D1AD7CD720002D04E /* Products */ = {
			isa = PBXGroup;
			children = (
				10D97C0C1AD7CD720002D04E /* Questions.app */,
				10D97C281AD7CD730002D04E /* QuestionsTests.xctest */,
			);
			name = Products;
			sourceTree = "<group>";
		};
		10D97C0E1AD7CD720002D04E /* Questions */ = {
			isa = PBXGroup;
			children = (
				10E6F9361AEA61B7008B6176 /* Frameworks */,
				10E6F8DE1AEA58D8008B6176 /* SwipTablecellLib */,
				10FC82351ADBCC7700F8B841 /* General.h */,
				10F0467C1AE1DAB6002DAC01 /* JSONFileManager.h */,
				10F0467D1AE1DAB6002DAC01 /* JSONFileManager.m */,
				10FC81F21AD9913A00F8B841 /* icon-ios7-arrow-forward-128.png */,
				10D97C131AD7CD720002D04E /* AppDelegate.h */,
				10D97C141AD7CD720002D04E /* AppDelegate.m */,
				10D97C1C1AD7CD720002D04E /* Main.storyboard */,
				10D97C1F1AD7CD720002D04E /* Images.xcassets */,
				10D97C211AD7CD720002D04E /* LaunchScreen.xib */,
				10D97C161AD7CD720002D04E /* Questions.xcdatamodeld */,
				10FC81F41AD99BC000F8B841 /* InfoTableViewController.h */,
				10FC81F51AD99BC000F8B841 /* InfoTableViewController.m */,
				10FC81FD1ADAC69C00F8B841 /* NewQuestionViewController.h */,
				10FC81FE1ADAC69C00F8B841 /* NewQuestionViewController.m */,
				10FC821C1ADB6F8100F8B841 /* ExplorerViewController.h */,
				10FC821D1ADB6F8100F8B841 /* ExplorerViewController.m */,
				10FC82211ADBA62400F8B841 /* TableViewCell.xib */,
				10FC82241ADBA81F00F8B841 /* TableViewCell.h */,
				10FC82251ADBA81F00F8B841 /* TableViewCell.m */,
				10FC822E1ADBAAAC00F8B841 /* MainControlView.h */,
				10FC822F1ADBAAAC00F8B841 /* MainControlView.m */,
				10F0467F1AE1EC3B002DAC01 /* Questionnaire.h */,
				10F046801AE1EC3B002DAC01 /* Questionnaire.m */,
				10FC82001ADAD0F900F8B841 /* UseViewController.h */,
				10FC82011ADAD0F900F8B841 /* UseViewController.m */,
				10DDAC451AE2ABA600E9B5EB /* AnswerTheQuestionTableViewCell.h */,
				10DDAC461AE2ABA600E9B5EB /* AnswerTheQuestionTableViewCell.m */,
				10DDAC471AE2ABA600E9B5EB /* AnswerTheQuestionTableViewCell.xib */,
				10B8CE2F1AE3F81B004B6291 /* AnswersTableViewCell.h */,
				10B8CE301AE3F81B004B6291 /* AnswersTableViewCell.m */,
				10B8CE311AE3F81B004B6291 /* AnswersTableViewCell.xib */,
				10E6F8D91AEA56ED008B6176 /* AnswerWithCommentTableViewCell.h */,
				10E6F8DA1AEA56ED008B6176 /* AnswerWithCommentTableViewCell.m */,
				10E6F8DB1AEA56ED008B6176 /* AnswerWithCommentTableViewCell.xib */,
				10B8CE341AE48C4F004B6291 /* Resource */,
				10D97C0F1AD7CD720002D04E /* Supporting Files */,
			);
			path = Questions;
			sourceTree = "<group>";
		};
		10D97C0F1AD7CD720002D04E /* Supporting Files */ = {
			isa = PBXGroup;
			children = (
				10D97C101AD7CD720002D04E /* Info.plist */,
				10D97C111AD7CD720002D04E /* main.m */,
			);
			name = "Supporting Files";
			sourceTree = "<group>";
		};
		10D97C2B1AD7CD730002D04E /* QuestionsTests */ = {
			isa = PBXGroup;
			children = (
				10D97C2E1AD7CD730002D04E /* QuestionsTests.m */,
				10D97C2C1AD7CD730002D04E /* Supporting Files */,
			);
			path = QuestionsTests;
			sourceTree = "<group>";
		};
		10D97C2C1AD7CD730002D04E /* Supporting Files */ = {
			isa = PBXGroup;
			children = (
				10D97C2D1AD7CD730002D04E /* Info.plist */,
			);
			name = "Supporting Files";
			sourceTree = "<group>";
		};
		10E6F8DE1AEA58D8008B6176 /* SwipTablecellLib */ = {
			isa = PBXGroup;
			children = (
				10E6F9141AEA5E81008B6176 /* NSMutableArray+SWUtilityButtons.h */,
				10E6F9151AEA5E81008B6176 /* NSMutableArray+SWUtilityButtons.m */,
				10E6F9161AEA5E81008B6176 /* SWCellScrollView.h */,
				10E6F9171AEA5E81008B6176 /* SWCellScrollView.m */,
				10E6F9181AEA5E81008B6176 /* SWLongPressGestureRecognizer.h */,
				10E6F9191AEA5E81008B6176 /* SWLongPressGestureRecognizer.m */,
				10E6F91A1AEA5E81008B6176 /* SWTableViewCell.h */,
				10E6F91B1AEA5E81008B6176 /* SWTableViewCell.m */,
				10E6F91C1AEA5E81008B6176 /* SWUtilityButtonTapGestureRecognizer.h */,
				10E6F91D1AEA5E81008B6176 /* SWUtilityButtonTapGestureRecognizer.m */,
				10E6F91E1AEA5E81008B6176 /* SWUtilityButtonView.h */,
				10E6F91F1AEA5E81008B6176 /* SWUtilityButtonView.m */,
				10E6F9261AEA60A0008B6176 /* check@2x.png */,
				10E6F9271AEA60A0008B6176 /* clock@2x.png */,
				10E6F9281AEA60A0008B6176 /* cross@2x.png */,
				10E6F9291AEA60A0008B6176 /* list@2x.png */,
				10E6F92A1AEA60A0008B6176 /* MI.png */,
				10E6F92B1AEA60A0008B6176 /* um.png */,
			);
			name = SwipTablecellLib;
			sourceTree = "<group>";
		};
		10E6F9361AEA61B7008B6176 /* Frameworks */ = {
			isa = PBXGroup;
			children = (
				10E6F9391AEA61DB008B6176 /* CoreGraphics.framework */,
				10E6F9341AEA61B0008B6176 /* UIKit.framework */,
				10E6F9321AEA61A9008B6176 /* Foundation.framework */,
			);
			name = Frameworks;
			sourceTree = "<group>";
		};
/* End PBXGroup section */

/* Begin PBXNativeTarget section */
		10D97C0B1AD7CD720002D04E /* Questions */ = {
			isa = PBXNativeTarget;
			buildConfigurationList = 10D97C321AD7CD730002D04E /* Build configuration list for PBXNativeTarget "Questions" */;
			buildPhases = (
				10D97C081AD7CD720002D04E /* Sources */,
				10D97C091AD7CD720002D04E /* Frameworks */,
				10D97C0A1AD7CD720002D04E /* Resources */,
			);
			buildRules = (
			);
			dependencies = (
			);
			name = Questions;
			productName = Questions;
			productReference = 10D97C0C1AD7CD720002D04E /* Questions.app */;
			productType = "com.apple.product-type.application";
		};
		10D97C271AD7CD730002D04E /* QuestionsTests */ = {
			isa = PBXNativeTarget;
			buildConfigurationList = 10D97C351AD7CD730002D04E /* Build configuration list for PBXNativeTarget "QuestionsTests" */;
			buildPhases = (
				10D97C241AD7CD730002D04E /* Sources */,
				10D97C251AD7CD730002D04E /* Frameworks */,
				10D97C261AD7CD730002D04E /* Resources */,
			);
			buildRules = (
			);
			dependencies = (
				10D97C2A1AD7CD730002D04E /* PBXTargetDependency */,
			);
			name = QuestionsTests;
			productName = QuestionsTests;
			productReference = 10D97C281AD7CD730002D04E /* QuestionsTests.xctest */;
			productType = "com.apple.product-type.bundle.unit-test";
		};
/* End PBXNativeTarget section */

/* Begin PBXProject section */
		10D97C041AD7CD720002D04E /* Project object */ = {
			isa = PBXProject;
			attributes = {
				LastUpgradeCheck = 0630;
				ORGANIZATIONNAME = HippoColors;
				TargetAttributes = {
					10D97C0B1AD7CD720002D04E = {
						CreatedOnToolsVersion = 6.3;
					};
					10D97C271AD7CD730002D04E = {
						CreatedOnToolsVersion = 6.3;
						TestTargetID = 10D97C0B1AD7CD720002D04E;
					};
				};
			};
			buildConfigurationList = 10D97C071AD7CD720002D04E /* Build configuration list for PBXProject "Questions" */;
			compatibilityVersion = "Xcode 3.2";
			developmentRegion = English;
			hasScannedForEncodings = 0;
			knownRegions = (
				en,
				Base,
			);
			mainGroup = 10D97C031AD7CD720002D04E;
			productRefGroup = 10D97C0D1AD7CD720002D04E /* Products */;
			projectDirPath = "";
			projectRoot = "";
			targets = (
				10D97C0B1AD7CD720002D04E /* Questions */,
				10D97C271AD7CD730002D04E /* QuestionsTests */,
			);
		};
/* End PBXProject section */

/* Begin PBXResourcesBuildPhase section */
		10D97C0A1AD7CD720002D04E /* Resources */ = {
			isa = PBXResourcesBuildPhase;
			buildActionMask = 2147483647;
			files = (
				107B6FB41AEC913300393A72 /* approve9@2x.png in Resources */,
				10E6F8DD1AEA56ED008B6176 /* AnswerWithCommentTableViewCell.xib in Resources */,
				10E6F9441AEA9EC0008B6176 /* sheet3_white.png in Resources */,
				10E6F94C1AEAA771008B6176 /* chart53_white.png in Resources */,
				10FC81F31AD9913A00F8B841 /* icon-ios7-arrow-forward-128.png in Resources */,
				10E6F94A1AEAA6A6008B6176 /* bin9_white.png in Resources */,
				10F0467B1AE1DA9D002DAC01 /* 1234567890.json in Resources */,
				10FC82231ADBA62400F8B841 /* TableViewCell.xib in Resources */,
				107B6FB51AEC913300393A72 /* approve9@3x.png in Resources */,
				10E6F9481AEAA052008B6176 /* outbox4_white.png in Resources */,
				10B8CE2B1AE3EE84004B6291 /* ok2.png in Resources */,
				10E6F9311AEA60A0008B6176 /* um.png in Resources */,
				1029B62C1AECB63F006BAC7D /* circular203.png in Resources */,
				10E6F92F1AEA60A0008B6176 /* list@2x.png in Resources */,
				10B8CE291AE3EE7D004B6291 /* close32.png in Resources */,
				10DDAC4D1AE2B1E900E9B5EB /* mode.png in Resources */,
				10D97C1E1AD7CD720002D04E /* Main.storyboard in Resources */,
				10D97C231AD7CD720002D04E /* LaunchScreen.xib in Resources */,
				10DDAC411AE2605A00E9B5EB /* ASK.png in Resources */,
				10D633CD1AE4A3B2008B83B7 /* close32@3x.png in Resources */,
				10E6F92E1AEA60A0008B6176 /* cross@2x.png in Resources */,
				1029B62E1AECB63F006BAC7D /* circular203@2x.png in Resources */,
				10FC82341ADBCBCF00F8B841 /* download.png in Resources */,
				10DDAC3D1AE25BB000E9B5EB /* paper.png in Resources */,
				1029B62D1AECB63F006BAC7D /* circular203@3x.png in Resources */,
				10D97C201AD7CD720002D04E /* Images.xcassets in Resources */,
				10D633CC1AE4A3B2008B83B7 /* close32@2x.png in Resources */,
				10E6F92C1AEA60A0008B6176 /* check@2x.png in Resources */,
				10DDAC4B1AE2B1DF00E9B5EB /* approve9.png in Resources */,
				10FC82331ADBCBCF00F8B841 /* add.png in Resources */,
				10E6F92D1AEA60A0008B6176 /* clock@2x.png in Resources */,
				10DDAC491AE2ABA600E9B5EB /* AnswerTheQuestionTableViewCell.xib in Resources */,
				10B8CE331AE3F81B004B6291 /* AnswersTableViewCell.xib in Resources */,
				10E6F9301AEA60A0008B6176 /* MI.png in Resources */,
			);
			runOnlyForDeploymentPostprocessing = 0;
		};
		10D97C261AD7CD730002D04E /* Resources */ = {
			isa = PBXResourcesBuildPhase;
			buildActionMask = 2147483647;
			files = (
			);
			runOnlyForDeploymentPostprocessing = 0;
		};
/* End PBXResourcesBuildPhase section */

/* Begin PBXSourcesBuildPhase section */
		10D97C081AD7CD720002D04E /* Sources */ = {
			isa = PBXSourcesBuildPhase;
			buildActionMask = 2147483647;
			files = (
				10D97C181AD7CD720002D04E /* Questions.xcdatamodeld in Sources */,
				10F0467E1AE1DAB6002DAC01 /* JSONFileManager.m in Sources */,
				10B8CE321AE3F81B004B6291 /* AnswersTableViewCell.m in Sources */,
				10D97C151AD7CD720002D04E /* AppDelegate.m in Sources */,
				10FC82301ADBAAAC00F8B841 /* MainControlView.m in Sources */,
				10D97C121AD7CD720002D04E /* main.m in Sources */,
				10FC821E1ADB6F8100F8B841 /* ExplorerViewController.m in Sources */,
				10FC82021ADAD0F900F8B841 /* UseViewController.m in Sources */,
				10FC82261ADBA81F00F8B841 /* TableViewCell.m in Sources */,
				10E6F9231AEA5E81008B6176 /* SWTableViewCell.m in Sources */,
				10FC81FF1ADAC69C00F8B841 /* NewQuestionViewController.m in Sources */,
				10E6F8DC1AEA56ED008B6176 /* AnswerWithCommentTableViewCell.m in Sources */,
				10E6F9201AEA5E81008B6176 /* NSMutableArray+SWUtilityButtons.m in Sources */,
				10FC81F61AD99BC000F8B841 /* InfoTableViewController.m in Sources */,
				10E6F9251AEA5E81008B6176 /* SWUtilityButtonView.m in Sources */,
				10E6F9211AEA5E81008B6176 /* SWCellScrollView.m in Sources */,
				10E6F9221AEA5E81008B6176 /* SWLongPressGestureRecognizer.m in Sources */,
				10E6F9241AEA5E81008B6176 /* SWUtilityButtonTapGestureRecognizer.m in Sources */,
				10DDAC481AE2ABA600E9B5EB /* AnswerTheQuestionTableViewCell.m in Sources */,
				10F046811AE1EC3B002DAC01 /* Questionnaire.m in Sources */,
			);
			runOnlyForDeploymentPostprocessing = 0;
		};
		10D97C241AD7CD730002D04E /* Sources */ = {
			isa = PBXSourcesBuildPhase;
			buildActionMask = 2147483647;
			files = (
				10D97C2F1AD7CD730002D04E /* QuestionsTests.m in Sources */,
			);
			runOnlyForDeploymentPostprocessing = 0;
		};
/* End PBXSourcesBuildPhase section */

/* Begin PBXTargetDependency section */
		10D97C2A1AD7CD730002D04E /* PBXTargetDependency */ = {
			isa = PBXTargetDependency;
			target = 10D97C0B1AD7CD720002D04E /* Questions */;
			targetProxy = 10D97C291AD7CD730002D04E /* PBXContainerItemProxy */;
		};
/* End PBXTargetDependency section */

/* Begin PBXVariantGroup section */
		10D97C1C1AD7CD720002D04E /* Main.storyboard */ = {
			isa = PBXVariantGroup;
			children = (
				10D97C1D1AD7CD720002D04E /* Base */,
			);
			name = Main.storyboard;
			sourceTree = "<group>";
		};
		10D97C211AD7CD720002D04E /* LaunchScreen.xib */ = {
			isa = PBXVariantGroup;
			children = (
				10D97C221AD7CD720002D04E /* Base */,
			);
			name = LaunchScreen.xib;
			sourceTree = "<group>";
		};
/* End PBXVariantGroup section */

/* Begin XCBuildConfiguration section */
		10D97C301AD7CD730002D04E /* Debug */ = {
			isa = XCBuildConfiguration;
			buildSettings = {
				ALWAYS_SEARCH_USER_PATHS = NO;
				CLANG_CXX_LANGUAGE_STANDARD = "gnu++0x";
				CLANG_CXX_LIBRARY = "libc++";
				CLANG_ENABLE_MODULES = YES;
				CLANG_ENABLE_OBJC_ARC = YES;
				CLANG_WARN_BOOL_CONVERSION = YES;
				CLANG_WARN_CONSTANT_CONVERSION = YES;
				CLANG_WARN_DIRECT_OBJC_ISA_USAGE = YES_ERROR;
				CLANG_WARN_EMPTY_BODY = YES;
				CLANG_WARN_ENUM_CONVERSION = YES;
				CLANG_WARN_INT_CONVERSION = YES;
				CLANG_WARN_OBJC_ROOT_CLASS = YES_ERROR;
				CLANG_WARN_UNREACHABLE_CODE = YES;
				CLANG_WARN__DUPLICATE_METHOD_MATCH = YES;
				"CODE_SIGN_IDENTITY[sdk=iphoneos*]" = "iPhone Developer";
				COPY_PHASE_STRIP = NO;
				DEBUG_INFORMATION_FORMAT = "dwarf-with-dsym";
				ENABLE_STRICT_OBJC_MSGSEND = YES;
				GCC_C_LANGUAGE_STANDARD = gnu99;
				GCC_DYNAMIC_NO_PIC = NO;
				GCC_NO_COMMON_BLOCKS = YES;
				GCC_OPTIMIZATION_LEVEL = 0;
				GCC_PREPROCESSOR_DEFINITIONS = (
					"DEBUG=1",
					"$(inherited)",
				);
				GCC_SYMBOLS_PRIVATE_EXTERN = NO;
				GCC_WARN_64_TO_32_BIT_CONVERSION = YES;
				GCC_WARN_ABOUT_RETURN_TYPE = YES_ERROR;
				GCC_WARN_UNDECLARED_SELECTOR = YES;
				GCC_WARN_UNINITIALIZED_AUTOS = YES_AGGRESSIVE;
				GCC_WARN_UNUSED_FUNCTION = YES;
				GCC_WARN_UNUSED_VARIABLE = YES;
				IPHONEOS_DEPLOYMENT_TARGET = 8.3;
				MTL_ENABLE_DEBUG_INFO = YES;
				ONLY_ACTIVE_ARCH = YES;
				SDKROOT = iphoneos;
				TARGETED_DEVICE_FAMILY = 2;
			};
			name = Debug;
		};
		10D97C311AD7CD730002D04E /* Release */ = {
			isa = XCBuildConfiguration;
			buildSettings = {
				ALWAYS_SEARCH_USER_PATHS = NO;
				CLANG_CXX_LANGUAGE_STANDARD = "gnu++0x";
				CLANG_CXX_LIBRARY = "libc++";
				CLANG_ENABLE_MODULES = YES;
				CLANG_ENABLE_OBJC_ARC = YES;
				CLANG_WARN_BOOL_CONVERSION = YES;
				CLANG_WARN_CONSTANT_CONVERSION = YES;
				CLANG_WARN_DIRECT_OBJC_ISA_USAGE = YES_ERROR;
				CLANG_WARN_EMPTY_BODY = YES;
				CLANG_WARN_ENUM_CONVERSION = YES;
				CLANG_WARN_INT_CONVERSION = YES;
				CLANG_WARN_OBJC_ROOT_CLASS = YES_ERROR;
				CLANG_WARN_UNREACHABLE_CODE = YES;
				CLANG_WARN__DUPLICATE_METHOD_MATCH = YES;
				"CODE_SIGN_IDENTITY[sdk=iphoneos*]" = "iPhone Developer";
				COPY_PHASE_STRIP = NO;
				DEBUG_INFORMATION_FORMAT = "dwarf-with-dsym";
				ENABLE_NS_ASSERTIONS = NO;
				ENABLE_STRICT_OBJC_MSGSEND = YES;
				GCC_C_LANGUAGE_STANDARD = gnu99;
				GCC_NO_COMMON_BLOCKS = YES;
				GCC_WARN_64_TO_32_BIT_CONVERSION = YES;
				GCC_WARN_ABOUT_RETURN_TYPE = YES_ERROR;
				GCC_WARN_UNDECLARED_SELECTOR = YES;
				GCC_WARN_UNINITIALIZED_AUTOS = YES_AGGRESSIVE;
				GCC_WARN_UNUSED_FUNCTION = YES;
				GCC_WARN_UNUSED_VARIABLE = YES;
				IPHONEOS_DEPLOYMENT_TARGET = 8.3;
				MTL_ENABLE_DEBUG_INFO = NO;
				SDKROOT = iphoneos;
				TARGETED_DEVICE_FAMILY = 2;
				VALIDATE_PRODUCT = YES;
			};
			name = Release;
		};
		10D97C331AD7CD730002D04E /* Debug */ = {
			isa = XCBuildConfiguration;
			buildSettings = {
				ASSETCATALOG_COMPILER_APPICON_NAME = AppIcon;
				INFOPLIST_FILE = Questions/Info.plist;
				IPHONEOS_DEPLOYMENT_TARGET = 8.0;
				LD_RUNPATH_SEARCH_PATHS = "$(inherited) @executable_path/Frameworks";
				PRODUCT_NAME = "$(TARGET_NAME)";
			};
			name = Debug;
		};
		10D97C341AD7CD730002D04E /* Release */ = {
			isa = XCBuildConfiguration;
			buildSettings = {
				ASSETCATALOG_COMPILER_APPICON_NAME = AppIcon;
				INFOPLIST_FILE = Questions/Info.plist;
				IPHONEOS_DEPLOYMENT_TARGET = 8.0;
				LD_RUNPATH_SEARCH_PATHS = "$(inherited) @executable_path/Frameworks";
				PRODUCT_NAME = "$(TARGET_NAME)";
			};
			name = Release;
		};
		10D97C361AD7CD730002D04E /* Debug */ = {
			isa = XCBuildConfiguration;
			buildSettings = {
				BUNDLE_LOADER = "$(TEST_HOST)";
				FRAMEWORK_SEARCH_PATHS = (
					"$(SDKROOT)/Developer/Library/Frameworks",
					"$(inherited)",
				);
				GCC_PREPROCESSOR_DEFINITIONS = (
					"DEBUG=1",
					"$(inherited)",
				);
				INFOPLIST_FILE = QuestionsTests/Info.plist;
				LD_RUNPATH_SEARCH_PATHS = "$(inherited) @executable_path/Frameworks @loader_path/Frameworks";
				PRODUCT_NAME = "$(TARGET_NAME)";
				TEST_HOST = "$(BUILT_PRODUCTS_DIR)/Questions.app/Questions";
			};
			name = Debug;
		};
		10D97C371AD7CD730002D04E /* Release */ = {
			isa = XCBuildConfiguration;
			buildSettings = {
				BUNDLE_LOADER = "$(TEST_HOST)";
				FRAMEWORK_SEARCH_PATHS = (
					"$(SDKROOT)/Developer/Library/Frameworks",
					"$(inherited)",
				);
				INFOPLIST_FILE = QuestionsTests/Info.plist;
				LD_RUNPATH_SEARCH_PATHS = "$(inherited) @executable_path/Frameworks @loader_path/Frameworks";
				PRODUCT_NAME = "$(TARGET_NAME)";
				TEST_HOST = "$(BUILT_PRODUCTS_DIR)/Questions.app/Questions";
			};
			name = Release;
		};
/* End XCBuildConfiguration section */

/* Begin XCConfigurationList section */
		10D97C071AD7CD720002D04E /* Build configuration list for PBXProject "Questions" */ = {
			isa = XCConfigurationList;
			buildConfigurations = (
				10D97C301AD7CD730002D04E /* Debug */,
				10D97C311AD7CD730002D04E /* Release */,
			);
			defaultConfigurationIsVisible = 0;
			defaultConfigurationName = Release;
		};
		10D97C321AD7CD730002D04E /* Build configuration list for PBXNativeTarget "Questions" */ = {
			isa = XCConfigurationList;
			buildConfigurations = (
				10D97C331AD7CD730002D04E /* Debug */,
				10D97C341AD7CD730002D04E /* Release */,
			);
			defaultConfigurationIsVisible = 0;
			defaultConfigurationName = Release;
		};
		10D97C351AD7CD730002D04E /* Build configuration list for PBXNativeTarget "QuestionsTests" */ = {
			isa = XCConfigurationList;
			buildConfigurations = (
				10D97C361AD7CD730002D04E /* Debug */,
				10D97C371AD7CD730002D04E /* Release */,
			);
			defaultConfigurationIsVisible = 0;
			defaultConfigurationName = Release;
		};
/* End XCConfigurationList section */

/* Begin XCVersionGroup section */
		10D97C161AD7CD720002D04E /* Questions.xcdatamodeld */ = {
			isa = XCVersionGroup;
			children = (
				10D97C171AD7CD720002D04E /* Questions.xcdatamodel */,
			);
			currentVersion = 10D97C171AD7CD720002D04E /* Questions.xcdatamodel */;
			path = Questions.xcdatamodeld;
			sourceTree = "<group>";
			versionGroupType = wrapper.xcdatamodel;
		};
/* End XCVersionGroup section */
	};
	rootObject = 10D97C041AD7CD720002D04E /* Project object */;
}
